Microsoft Visual Studio Solution File, Format Version 12.00
# Visual Studio Version 16
VisualStudioVersion = 16.0.0.0
MinimumVisualStudioVersion = 16.0.0.0
Project("{9A19103F-16F7-4668-BE54-9A1E7A4F7556}") = "YoghurtBank.Server", "Server\YoghurtBank.Server.csproj", "{BE543A98-4DF8-4C62-9C42-BF8652F54488}"
EndProject
Project("{9A19103F-16F7-4668-BE54-9A1E7A4F7556}") = "YoghurtBank.Client", "Client\YoghurtBank.Client.csproj", "{7CE0ED53-1CD1-42BF-A05D-F363CB85874A}"
EndProject
Project("{9A19103F-16F7-4668-BE54-9A1E7A4F7556}") = "YoghurtBank.Shared", "Shared\YoghurtBank.Shared.csproj", "{57BF782D-696B-4633-ACC2-479772A5E5F2}"
EndProject
Project("{2150E333-8FDC-42A3-9474-1A3956D46DE8}") = "Shared", "Shared", "{C38E35DA-ECF8-4BFA-B9A0-6F7CA5006E8E}"
EndProject
Project("{FAE04EC0-301F-11D3-BF4B-00C04F79EFBC}") = "Servicestests", "Shared\ServicesTests\Servicestests.csproj", "{DBA4A6F9-2E30-4A6A-A212-718398579170}"
EndProject
Global
	GlobalSection(SolutionConfigurationPlatforms) = preSolution
		Debug|Any CPU = Debug|Any CPU
		Debug|x64 = Debug|x64
		Debug|x86 = Debug|x86
		Release|Any CPU = Release|Any CPU
		Release|x64 = Release|x64
		Release|x86 = Release|x86
	EndGlobalSection
	GlobalSection(ProjectConfigurationPlatforms) = postSolution
		{7CE0ED53-1CD1-42BF-A05D-F363CB85874A}.Debug|Any CPU.ActiveCfg = Debug|Any CPU
		{7CE0ED53-1CD1-42BF-A05D-F363CB85874A}.Debug|Any CPU.Build.0 = Debug|Any CPU
		{7CE0ED53-1CD1-42BF-A05D-F363CB85874A}.Debug|x64.ActiveCfg = Debug|Any CPU
		{7CE0ED53-1CD1-42BF-A05D-F363CB85874A}.Debug|x64.Build.0 = Debug|Any CPU
		{7CE0ED53-1CD1-42BF-A05D-F363CB85874A}.Debug|x86.ActiveCfg = Debug|Any CPU
		{7CE0ED53-1CD1-42BF-A05D-F363CB85874A}.Debug|x86.Build.0 = Debug|Any CPU
		{7CE0ED53-1CD1-42BF-A05D-F363CB85874A}.Release|Any CPU.ActiveCfg = Release|Any CPU
		{7CE0ED53-1CD1-42BF-A05D-F363CB85874A}.Release|Any CPU.Build.0 = Release|Any CPU
		{7CE0ED53-1CD1-42BF-A05D-F363CB85874A}.Release|x64.ActiveCfg = Release|Any CPU
		{7CE0ED53-1CD1-42BF-A05D-F363CB85874A}.Release|x64.Build.0 = Release|Any CPU
		{7CE0ED53-1CD1-42BF-A05D-F363CB85874A}.Release|x86.ActiveCfg = Release|Any CPU
		{7CE0ED53-1CD1-42BF-A05D-F363CB85874A}.Release|x86.Build.0 = Release|Any CPU
		{BE543A98-4DF8-4C62-9C42-BF8652F54488}.Debug|Any CPU.ActiveCfg = Debug|Any CPU
		{BE543A98-4DF8-4C62-9C42-BF8652F54488}.Debug|Any CPU.Build.0 = Debug|Any CPU
		{BE543A98-4DF8-4C62-9C42-BF8652F54488}.Debug|x64.ActiveCfg = Debug|Any CPU
		{BE543A98-4DF8-4C62-9C42-BF8652F54488}.Debug|x64.Build.0 = Debug|Any CPU
		{BE543A98-4DF8-4C62-9C42-BF8652F54488}.Debug|x86.ActiveCfg = Debug|Any CPU
		{BE543A98-4DF8-4C62-9C42-BF8652F54488}.Debug|x86.Build.0 = Debug|Any CPU
		{BE543A98-4DF8-4C62-9C42-BF8652F54488}.Release|Any CPU.ActiveCfg = Release|Any CPU
		{BE543A98-4DF8-4C62-9C42-BF8652F54488}.Release|Any CPU.Build.0 = Release|Any CPU
		{BE543A98-4DF8-4C62-9C42-BF8652F54488}.Release|x64.ActiveCfg = Release|Any CPU
		{BE543A98-4DF8-4C62-9C42-BF8652F54488}.Release|x64.Build.0 = Release|Any CPU
		{BE543A98-4DF8-4C62-9C42-BF8652F54488}.Release|x86.ActiveCfg = Release|Any CPU
		{BE543A98-4DF8-4C62-9C42-BF8652F54488}.Release|x86.Build.0 = Release|Any CPU
		{57BF782D-696B-4633-ACC2-479772A5E5F2}.Debug|Any CPU.ActiveCfg = Debug|Any CPU
		{57BF782D-696B-4633-ACC2-479772A5E5F2}.Debug|Any CPU.Build.0 = Debug|Any CPU
		{57BF782D-696B-4633-ACC2-479772A5E5F2}.Debug|x64.ActiveCfg = Debug|Any CPU
		{57BF782D-696B-4633-ACC2-479772A5E5F2}.Debug|x64.Build.0 = Debug|Any CPU
		{57BF782D-696B-4633-ACC2-479772A5E5F2}.Debug|x86.ActiveCfg = Debug|Any CPU
		{57BF782D-696B-4633-ACC2-479772A5E5F2}.Debug|x86.Build.0 = Debug|Any CPU
		{57BF782D-696B-4633-ACC2-479772A5E5F2}.Release|Any CPU.ActiveCfg = Release|Any CPU
		{57BF782D-696B-4633-ACC2-479772A5E5F2}.Release|Any CPU.Build.0 = Release|Any CPU
		{57BF782D-696B-4633-ACC2-479772A5E5F2}.Release|x64.ActiveCfg = Release|Any CPU
		{57BF782D-696B-4633-ACC2-479772A5E5F2}.Release|x64.Build.0 = Release|Any CPU
		{57BF782D-696B-4633-ACC2-479772A5E5F2}.Release|x86.ActiveCfg = Release|Any CPU
		{57BF782D-696B-4633-ACC2-479772A5E5F2}.Release|x86.Build.0 = Release|Any CPU
		{DBA4A6F9-2E30-4A6A-A212-718398579170}.Debug|Any CPU.ActiveCfg = Debug|Any CPU
		{DBA4A6F9-2E30-4A6A-A212-718398579170}.Debug|Any CPU.Build.0 = Debug|Any CPU
		{DBA4A6F9-2E30-4A6A-A212-718398579170}.Debug|x64.ActiveCfg = Debug|Any CPU
		{DBA4A6F9-2E30-4A6A-A212-718398579170}.Debug|x64.Build.0 = Debug|Any CPU
		{DBA4A6F9-2E30-4A6A-A212-718398579170}.Debug|x86.ActiveCfg = Debug|Any CPU
		{DBA4A6F9-2E30-4A6A-A212-718398579170}.Debug|x86.Build.0 = Debug|Any CPU
		{DBA4A6F9-2E30-4A6A-A212-718398579170}.Release|Any CPU.ActiveCfg = Release|Any CPU
		{DBA4A6F9-2E30-4A6A-A212-718398579170}.Release|Any CPU.Build.0 = Release|Any CPU
		{DBA4A6F9-2E30-4A6A-A212-718398579170}.Release|x64.ActiveCfg = Release|Any CPU
		{DBA4A6F9-2E30-4A6A-A212-718398579170}.Release|x64.Build.0 = Release|Any CPU
		{DBA4A6F9-2E30-4A6A-A212-718398579170}.Release|x86.ActiveCfg = Release|Any CPU
		{DBA4A6F9-2E30-4A6A-A212-718398579170}.Release|x86.Build.0 = Release|Any CPU
	EndGlobalSection
	GlobalSection(SolutionProperties) = preSolution
		HideSolutionNode = FALSE
	EndGlobalSection
	GlobalSection(ExtensibilityGlobals) = postSolution
		SolutionGuid = {A42C312D-5554-4DFA-BFAE-28AAAA62144B}
	EndGlobalSection
	GlobalSection(NestedProjects) = preSolution
		{DBA4A6F9-2E30-4A6A-A212-718398579170} = {C38E35DA-ECF8-4BFA-B9A0-6F7CA5006E8E}
	EndGlobalSection
EndGlobal
